
Microsoft Visual Studio Solution File, Format Version 12.00
# Visual Studio Version 17
VisualStudioVersion = 17.1.32228.430
MinimumVisualStudioVersion = 10.0.40219.1
Project("{FAE04EC0-301F-11D3-BF4B-00C04F79EFBC}") = "MessagingSystem", "MessagingSystem\MessagingSystem.csproj", "{21B56FD0-7647-488B-8BE3-DA7132107FE3}"
EndProject
Global
	GlobalSection(SolutionConfigurationPlatforms) = preSolution
		Debug|Any CPU = Debug|Any CPU
		Release|Any CPU = Release|Any CPU
	EndGlobalSection
	GlobalSection(ProjectConfigurationPlatforms) = postSolution
		{21B56FD0-7647-488B-8BE3-DA7132107FE3}.Debug|Any CPU.ActiveCfg = Debug|Any CPU
		{21B56FD0-7647-488B-8BE3-DA7132107FE3}.Debug|Any CPU.Build.0 = Debug|Any CPU
		{21B56FD0-7647-488B-8BE3-DA7132107FE3}.Release|Any CPU.ActiveCfg = Release|Any CPU
		{21B56FD0-7647-488B-8BE3-DA7132107FE3}.Release|Any CPU.Build.0 = Release|Any CPU
	EndGlobalSection
	GlobalSection(SolutionProperties) = preSolution
		HideSolutionNode = FALSE
	EndGlobalSection
	GlobalSection(ExtensibilityGlobals) = postSolution
		SolutionGuid = {B570518E-7B85-4B98-807A-C890555C6BAA}
	EndGlobalSection
EndGlobal
